
Microsoft Visual Studio Solution File, Format Version 12.00
# Visual Studio Version 17
VisualStudioVersion = 17.7.34031.279
MinimumVisualStudioVersion = 10.0.40219.1
Project("{FAE04EC0-301F-11D3-BF4B-00C04F79EFBC}") = "ASIC TEST", "ASIC TEST\ASIC TEST.csproj", "{296C2103-8CB9-4B10-84BE-113A3C19C89E}"
EndProject
Global
	GlobalSection(SolutionConfigurationPlatforms) = preSolution
		Debug|Any CPU = Debug|Any CPU
		Release|Any CPU = Release|Any CPU
	EndGlobalSection
	GlobalSection(ProjectConfigurationPlatforms) = postSolution
		{296C2103-8CB9-4B10-84BE-113A3C19C89E}.Debug|Any CPU.ActiveCfg = Debug|Any CPU
		{296C2103-8CB9-4B10-84BE-113A3C19C89E}.Debug|Any CPU.Build.0 = Debug|Any CPU
		{296C2103-8CB9-4B10-84BE-113A3C19C89E}.Release|Any CPU.ActiveCfg = Release|Any CPU
		{296C2103-8CB9-4B10-84BE-113A3C19C89E}.Release|Any CPU.Build.0 = Release|Any CPU
	EndGlobalSection
	GlobalSection(SolutionProperties) = preSolution
		HideSolutionNode = FALSE
	EndGlobalSection
	GlobalSection(ExtensibilityGlobals) = postSolution
		SolutionGuid = {D665696D-90B6-4A62-AD92-7A7C1842D7F9}
	EndGlobalSection
EndGlobal
